
Microsoft Visual Studio Solution File, Format Version 12.00
# Visual Studio Version 17
VisualStudioVersion = 17.13.35931.197
MinimumVisualStudioVersion = 10.0.40219.1
Project("{2150E333-8FDC-42A3-9474-1A3956D46DE8}") = "FrontEnd", "FrontEnd", "{02EA681E-C7D8-13C7-8484-4AC65E1B71E8}"
EndProject
Project("{2150E333-8FDC-42A3-9474-1A3956D46DE8}") = "GateWay", "GateWay", "{9AA43D78-913F-441A-98C2-58B1C04D81B8}"
EndProject
Project("{2150E333-8FDC-42A3-9474-1A3956D46DE8}") = "Integration", "Integration", "{72D77964-53F4-4CDB-AEAD-A5B4A06D9028}"
EndProject
Project("{2150E333-8FDC-42A3-9474-1A3956D46DE8}") = "Services", "Services", "{05F8F280-E751-45B4-8603-E277614D0967}"
EndProject
Project("{FAE04EC0-301F-11D3-BF4B-00C04F79EFBC}") = "Apo.Web", "Apo.Web\Apo.Web.csproj", "{48A491F6-D089-4704-B914-CF6962E757C2}"
EndProject
Project("{FAE04EC0-301F-11D3-BF4B-00C04F79EFBC}") = "Apo.Service.AuthAPI", "Apo.Service.AuthAPI\Apo.Service.AuthAPI.csproj", "{36C4BDEC-63A2-4F29-9CCA-7ECC587BB1FC}"
EndProject
Project("{FAE04EC0-301F-11D3-BF4B-00C04F79EFBC}") = "Apo.Gateway", "Apo.Gateway\Apo.Gateway.csproj", "{D418AC9A-B5CC-42E1-8334-E61DBE4F11B3}"
EndProject
Project("{FAE04EC0-301F-11D3-BF4B-00C04F79EFBC}") = "Apo.Service.ProductAPI", "Apo.Service.ProductAPI\Apo.Service.ProductAPI.csproj", "{91CC9A61-BFCA-430F-9F1E-1C0A6283136C}"
EndProject
Project("{FAE04EC0-301F-11D3-BF4B-00C04F79EFBC}") = "Apo.Service.ShoppingCartAPI", "Apo.Service.ShoppingCartAPI\Apo.Service.ShoppingCartAPI.csproj", "{2EC05524-F0C8-4DC0-92BA-538683C570D6}"
EndProject
Project("{2150E333-8FDC-42A3-9474-1A3956D46DE8}") = "Messaging", "Messaging", "{555A0A66-C91B-4413-B9F3-67A6BF80D383}"
EndProject
Project("{FAE04EC0-301F-11D3-BF4B-00C04F79EFBC}") = "Apo.Messaging", "Apo.Messaging\Apo.Messaging.csproj", "{F42998BC-5C09-4BC7-B7B3-BC61FDA139D8}"
EndProject
Project("{FAE04EC0-301F-11D3-BF4B-00C04F79EFBC}") = "Apo.Messaging.Tests", "Apo.Messaging.Tests\Apo.Messaging.Tests.csproj", "{77FB1096-5DBB-4B1F-8C37-2FCA5968D6F2}"
EndProject
Project("{2150E333-8FDC-42A3-9474-1A3956D46DE8}") = "AuthApi", "AuthApi", "{2009C43B-605A-45F8-B7D5-04F4F90E1283}"
EndProject
Project("{2150E333-8FDC-42A3-9474-1A3956D46DE8}") = "CouponAPI", "CouponAPI", "{03851530-0150-486D-BAC2-77E0CE677825}"
EndProject
Project("{2150E333-8FDC-42A3-9474-1A3956D46DE8}") = "ProductAPI", "ProductAPI", "{68067AE6-08A5-4F45-A6CC-443BA7773C59}"
EndProject
Project("{2150E333-8FDC-42A3-9474-1A3956D46DE8}") = "ShoppingCartAPI", "ShoppingCartAPI", "{F9FD3DCF-EBE2-4BE8-A61F-05FDBB609709}"
EndProject
Project("{FAE04EC0-301F-11D3-BF4B-00C04F79EFBC}") = "Apo.Services.CouponAPI_V2", "Apo.Services.CouponAPI_V2\Apo.Services.CouponAPI_V2.csproj", "{777D2D9B-ED3E-4DBF-AF3A-8928D4F4F0AD}"
EndProject
Project("{FAE04EC0-301F-11D3-BF4B-00C04F79EFBC}") = "Apo.Services.CouponAPI_V2.Domain", "Apo.Services.CouponAPI_V2.Domain\Apo.Services.CouponAPI_V2.Domain.csproj", "{9963F390-80EE-4C6C-97C4-494F5BF7AB53}"
EndProject
Project("{FAE04EC0-301F-11D3-BF4B-00C04F79EFBC}") = "Apo.Services.CouponAPI_V2.Application", "Apo.Services.CouponAPI_V2.Application\Apo.Services.CouponAPI_V2.Application.csproj", "{3608B8E3-F7B4-41E0-9766-2E3B3C0A2119}"
EndProject
Project("{FAE04EC0-301F-11D3-BF4B-00C04F79EFBC}") = "Apo.Services.CouponAPI_V2.Infrastructure", "Apo.Services.CouponAPI_V2.Infrastructure\Apo.Services.CouponAPI_V2.Infrastructure.csproj", "{A53E0568-F654-4A24-8823-FA17DFA49234}"
EndProject
Global
	GlobalSection(SolutionConfigurationPlatforms) = preSolution
		Debug|Any CPU = Debug|Any CPU
		Release|Any CPU = Release|Any CPU
	EndGlobalSection
	GlobalSection(ProjectConfigurationPlatforms) = postSolution
		{48A491F6-D089-4704-B914-CF6962E757C2}.Debug|Any CPU.ActiveCfg = Debug|Any CPU
		{48A491F6-D089-4704-B914-CF6962E757C2}.Debug|Any CPU.Build.0 = Debug|Any CPU
		{48A491F6-D089-4704-B914-CF6962E757C2}.Release|Any CPU.ActiveCfg = Release|Any CPU
		{48A491F6-D089-4704-B914-CF6962E757C2}.Release|Any CPU.Build.0 = Release|Any CPU
		{36C4BDEC-63A2-4F29-9CCA-7ECC587BB1FC}.Debug|Any CPU.ActiveCfg = Debug|Any CPU
		{36C4BDEC-63A2-4F29-9CCA-7ECC587BB1FC}.Debug|Any CPU.Build.0 = Debug|Any CPU
		{36C4BDEC-63A2-4F29-9CCA-7ECC587BB1FC}.Release|Any CPU.ActiveCfg = Release|Any CPU
		{36C4BDEC-63A2-4F29-9CCA-7ECC587BB1FC}.Release|Any CPU.Build.0 = Release|Any CPU
		{D418AC9A-B5CC-42E1-8334-E61DBE4F11B3}.Debug|Any CPU.ActiveCfg = Debug|Any CPU
		{D418AC9A-B5CC-42E1-8334-E61DBE4F11B3}.Debug|Any CPU.Build.0 = Debug|Any CPU
		{D418AC9A-B5CC-42E1-8334-E61DBE4F11B3}.Release|Any CPU.ActiveCfg = Release|Any CPU
		{D418AC9A-B5CC-42E1-8334-E61DBE4F11B3}.Release|Any CPU.Build.0 = Release|Any CPU
		{91CC9A61-BFCA-430F-9F1E-1C0A6283136C}.Debug|Any CPU.ActiveCfg = Debug|Any CPU
		{91CC9A61-BFCA-430F-9F1E-1C0A6283136C}.Debug|Any CPU.Build.0 = Debug|Any CPU
		{91CC9A61-BFCA-430F-9F1E-1C0A6283136C}.Release|Any CPU.ActiveCfg = Release|Any CPU
		{91CC9A61-BFCA-430F-9F1E-1C0A6283136C}.Release|Any CPU.Build.0 = Release|Any CPU
		{2EC05524-F0C8-4DC0-92BA-538683C570D6}.Debug|Any CPU.ActiveCfg = Debug|Any CPU
		{2EC05524-F0C8-4DC0-92BA-538683C570D6}.Debug|Any CPU.Build.0 = Debug|Any CPU
		{2EC05524-F0C8-4DC0-92BA-538683C570D6}.Release|Any CPU.ActiveCfg = Release|Any CPU
		{2EC05524-F0C8-4DC0-92BA-538683C570D6}.Release|Any CPU.Build.0 = Release|Any CPU
		{F42998BC-5C09-4BC7-B7B3-BC61FDA139D8}.Debug|Any CPU.ActiveCfg = Debug|Any CPU
		{F42998BC-5C09-4BC7-B7B3-BC61FDA139D8}.Debug|Any CPU.Build.0 = Debug|Any CPU
		{F42998BC-5C09-4BC7-B7B3-BC61FDA139D8}.Release|Any CPU.ActiveCfg = Release|Any CPU
		{F42998BC-5C09-4BC7-B7B3-BC61FDA139D8}.Release|Any CPU.Build.0 = Release|Any CPU
		{77FB1096-5DBB-4B1F-8C37-2FCA5968D6F2}.Debug|Any CPU.ActiveCfg = Debug|Any CPU
		{77FB1096-5DBB-4B1F-8C37-2FCA5968D6F2}.Debug|Any CPU.Build.0 = Debug|Any CPU
		{77FB1096-5DBB-4B1F-8C37-2FCA5968D6F2}.Release|Any CPU.ActiveCfg = Release|Any CPU
		{77FB1096-5DBB-4B1F-8C37-2FCA5968D6F2}.Release|Any CPU.Build.0 = Release|Any CPU
		{777D2D9B-ED3E-4DBF-AF3A-8928D4F4F0AD}.Debug|Any CPU.ActiveCfg = Debug|Any CPU
		{777D2D9B-ED3E-4DBF-AF3A-8928D4F4F0AD}.Debug|Any CPU.Build.0 = Debug|Any CPU
		{777D2D9B-ED3E-4DBF-AF3A-8928D4F4F0AD}.Release|Any CPU.ActiveCfg = Release|Any CPU
		{777D2D9B-ED3E-4DBF-AF3A-8928D4F4F0AD}.Release|Any CPU.Build.0 = Release|Any CPU
		{9963F390-80EE-4C6C-97C4-494F5BF7AB53}.Debug|Any CPU.ActiveCfg = Debug|Any CPU
		{9963F390-80EE-4C6C-97C4-494F5BF7AB53}.Debug|Any CPU.Build.0 = Debug|Any CPU
		{9963F390-80EE-4C6C-97C4-494F5BF7AB53}.Release|Any CPU.ActiveCfg = Release|Any CPU
		{9963F390-80EE-4C6C-97C4-494F5BF7AB53}.Release|Any CPU.Build.0 = Release|Any CPU
		{3608B8E3-F7B4-41E0-9766-2E3B3C0A2119}.Debug|Any CPU.ActiveCfg = Debug|Any CPU
		{3608B8E3-F7B4-41E0-9766-2E3B3C0A2119}.Debug|Any CPU.Build.0 = Debug|Any CPU
		{3608B8E3-F7B4-41E0-9766-2E3B3C0A2119}.Release|Any CPU.ActiveCfg = Release|Any CPU
		{3608B8E3-F7B4-41E0-9766-2E3B3C0A2119}.Release|Any CPU.Build.0 = Release|Any CPU
		{A53E0568-F654-4A24-8823-FA17DFA49234}.Debug|Any CPU.ActiveCfg = Debug|Any CPU
		{A53E0568-F654-4A24-8823-FA17DFA49234}.Debug|Any CPU.Build.0 = Debug|Any CPU
		{A53E0568-F654-4A24-8823-FA17DFA49234}.Release|Any CPU.ActiveCfg = Release|Any CPU
		{A53E0568-F654-4A24-8823-FA17DFA49234}.Release|Any CPU.Build.0 = Release|Any CPU
	EndGlobalSection
	GlobalSection(SolutionProperties) = preSolution
		HideSolutionNode = FALSE
	EndGlobalSection
	GlobalSection(NestedProjects) = preSolution
		{48A491F6-D089-4704-B914-CF6962E757C2} = {02EA681E-C7D8-13C7-8484-4AC65E1B71E8}
		{36C4BDEC-63A2-4F29-9CCA-7ECC587BB1FC} = {2009C43B-605A-45F8-B7D5-04F4F90E1283}
		{D418AC9A-B5CC-42E1-8334-E61DBE4F11B3} = {9AA43D78-913F-441A-98C2-58B1C04D81B8}
		{91CC9A61-BFCA-430F-9F1E-1C0A6283136C} = {68067AE6-08A5-4F45-A6CC-443BA7773C59}
		{2EC05524-F0C8-4DC0-92BA-538683C570D6} = {F9FD3DCF-EBE2-4BE8-A61F-05FDBB609709}
		{F42998BC-5C09-4BC7-B7B3-BC61FDA139D8} = {555A0A66-C91B-4413-B9F3-67A6BF80D383}
		{77FB1096-5DBB-4B1F-8C37-2FCA5968D6F2} = {555A0A66-C91B-4413-B9F3-67A6BF80D383}
		{2009C43B-605A-45F8-B7D5-04F4F90E1283} = {05F8F280-E751-45B4-8603-E277614D0967}
		{03851530-0150-486D-BAC2-77E0CE677825} = {05F8F280-E751-45B4-8603-E277614D0967}
		{68067AE6-08A5-4F45-A6CC-443BA7773C59} = {05F8F280-E751-45B4-8603-E277614D0967}
		{F9FD3DCF-EBE2-4BE8-A61F-05FDBB609709} = {05F8F280-E751-45B4-8603-E277614D0967}
		{777D2D9B-ED3E-4DBF-AF3A-8928D4F4F0AD} = {03851530-0150-486D-BAC2-77E0CE677825}
		{9963F390-80EE-4C6C-97C4-494F5BF7AB53} = {03851530-0150-486D-BAC2-77E0CE677825}
		{3608B8E3-F7B4-41E0-9766-2E3B3C0A2119} = {03851530-0150-486D-BAC2-77E0CE677825}
		{A53E0568-F654-4A24-8823-FA17DFA49234} = {03851530-0150-486D-BAC2-77E0CE677825}
	EndGlobalSection
	GlobalSection(ExtensibilityGlobals) = postSolution
		SolutionGuid = {A124197E-C220-4FD9-B0D9-70BEB4336D3C}
	EndGlobalSection
EndGlobal
